// !$*UTF8*$!
{
	archiveVersion = 1;
	classes = {
	};
	objectVersion = 56;
	objects = {

/* Begin PBXBuildFile section */
		5F40D5952B3738A400E69A0F /* AppDelegate.swift in Sources */ = {isa = PBXBuildFile; fileRef = 5F40D5942B3738A400E69A0F /* AppDelegate.swift */; };
		5F40D5972B3738A400E69A0F /* SceneDelegate.swift in Sources */ = {isa = PBXBuildFile; fileRef = 5F40D5962B3738A400E69A0F /* SceneDelegate.swift */; };
		5F40D59E2B3738A500E69A0F /* Assets.xcassets in Resources */ = {isa = PBXBuildFile; fileRef = 5F40D59D2B3738A500E69A0F /* Assets.xcassets */; };
		5F40D5A12B3738A500E69A0F /* LaunchScreen.storyboard in Resources */ = {isa = PBXBuildFile; fileRef = 5F40D59F2B3738A500E69A0F /* LaunchScreen.storyboard */; };
		5FE7884A2B38428200AA8446 /* SnapKit in Frameworks */ = {isa = PBXBuildFile; productRef = 5FE788492B38428200AA8446 /* SnapKit */; };
		5FE7884C2B38435700AA8446 /* MainVC.swift in Sources */ = {isa = PBXBuildFile; fileRef = 5FE7884B2B38435700AA8446 /* MainVC.swift */; };
		5FE788532B38443900AA8446 /* MainVM.swift in Sources */ = {isa = PBXBuildFile; fileRef = 5FE788522B38443900AA8446 /* MainVM.swift */; };
		5FE788572B384A8B00AA8446 /* ViewModelProtocol.swift in Sources */ = {isa = PBXBuildFile; fileRef = 5FE788562B384A8B00AA8446 /* ViewModelProtocol.swift */; };
		5FE7885A2B384DEA00AA8446 /* MainCoordinator.swift in Sources */ = {isa = PBXBuildFile; fileRef = 5FE788592B384DEA00AA8446 /* MainCoordinator.swift */; };
		5FE7885D2B384E3200AA8446 /* CoordinatorProtocol.swift in Sources */ = {isa = PBXBuildFile; fileRef = 5FE7885C2B384E3200AA8446 /* CoordinatorProtocol.swift */; };
		5FE788602B387D4300AA8446 /* ChatSettingVC.swift in Sources */ = {isa = PBXBuildFile; fileRef = 5FE7885F2B387D4200AA8446 /* ChatSettingVC.swift */; };
		5FE788632B38814200AA8446 /* UIButton+Ext.swift in Sources */ = {isa = PBXBuildFile; fileRef = 5FE788622B38814200AA8446 /* UIButton+Ext.swift */; };
		5FE788652B38818D00AA8446 /* UIImage+Ext.swift in Sources */ = {isa = PBXBuildFile; fileRef = 5FE788642B38818D00AA8446 /* UIImage+Ext.swift */; };
		5FE788672B389CF400AA8446 /* UIColor+Ext.swift in Sources */ = {isa = PBXBuildFile; fileRef = 5FE788662B389CF400AA8446 /* UIColor+Ext.swift */; };
		5FE788692B38A2E700AA8446 /* MainCollectionViewCell.swift in Sources */ = {isa = PBXBuildFile; fileRef = 5FE788682B38A2E700AA8446 /* MainCollectionViewCell.swift */; };
		5FE7886B2B38A39200AA8446 /* Constants.swift in Sources */ = {isa = PBXBuildFile; fileRef = 5FE7886A2B38A39200AA8446 /* Constants.swift */; };
/* End PBXBuildFile section */

/* Begin PBXFileReference section */
		5F40D5912B3738A400E69A0F /* DutchDutch.app */ = {isa = PBXFileReference; explicitFileType = wrapper.application; includeInIndex = 0; path = DutchDutch.app; sourceTree = BUILT_PRODUCTS_DIR; };
		5F40D5942B3738A400E69A0F /* AppDelegate.swift */ = {isa = PBXFileReference; lastKnownFileType = sourcecode.swift; path = AppDelegate.swift; sourceTree = "<group>"; };
		5F40D5962B3738A400E69A0F /* SceneDelegate.swift */ = {isa = PBXFileReference; lastKnownFileType = sourcecode.swift; path = SceneDelegate.swift; sourceTree = "<group>"; };
		5F40D59D2B3738A500E69A0F /* Assets.xcassets */ = {isa = PBXFileReference; lastKnownFileType = folder.assetcatalog; path = Assets.xcassets; sourceTree = "<group>"; };
		5F40D5A02B3738A500E69A0F /* Base */ = {isa = PBXFileReference; lastKnownFileType = file.storyboard; name = Base; path = Base.lproj/LaunchScreen.storyboard; sourceTree = "<group>"; };
		5F40D5A22B3738A500E69A0F /* Info.plist */ = {isa = PBXFileReference; lastKnownFileType = text.plist.xml; path = Info.plist; sourceTree = "<group>"; };
		5FE7884B2B38435700AA8446 /* MainVC.swift */ = {isa = PBXFileReference; lastKnownFileType = sourcecode.swift; path = MainVC.swift; sourceTree = "<group>"; };
		5FE788522B38443900AA8446 /* MainVM.swift */ = {isa = PBXFileReference; lastKnownFileType = sourcecode.swift; path = MainVM.swift; sourceTree = "<group>"; };
		5FE788562B384A8B00AA8446 /* ViewModelProtocol.swift */ = {isa = PBXFileReference; lastKnownFileType = sourcecode.swift; path = ViewModelProtocol.swift; sourceTree = "<group>"; };
		5FE788592B384DEA00AA8446 /* MainCoordinator.swift */ = {isa = PBXFileReference; lastKnownFileType = sourcecode.swift; path = MainCoordinator.swift; sourceTree = "<group>"; };
		5FE7885C2B384E3200AA8446 /* CoordinatorProtocol.swift */ = {isa = PBXFileReference; lastKnownFileType = sourcecode.swift; path = CoordinatorProtocol.swift; sourceTree = "<group>"; };
		5FE7885F2B387D4200AA8446 /* ChatSettingVC.swift */ = {isa = PBXFileReference; lastKnownFileType = sourcecode.swift; path = ChatSettingVC.swift; sourceTree = "<group>"; };
		5FE788622B38814200AA8446 /* UIButton+Ext.swift */ = {isa = PBXFileReference; lastKnownFileType = sourcecode.swift; path = "UIButton+Ext.swift"; sourceTree = "<group>"; };
		5FE788642B38818D00AA8446 /* UIImage+Ext.swift */ = {isa = PBXFileReference; lastKnownFileType = sourcecode.swift; path = "UIImage+Ext.swift"; sourceTree = "<group>"; };
		5FE788662B389CF400AA8446 /* UIColor+Ext.swift */ = {isa = PBXFileReference; lastKnownFileType = sourcecode.swift; path = "UIColor+Ext.swift"; sourceTree = "<group>"; };
		5FE788682B38A2E700AA8446 /* MainCollectionViewCell.swift */ = {isa = PBXFileReference; lastKnownFileType = sourcecode.swift; path = MainCollectionViewCell.swift; sourceTree = "<group>"; };
		5FE7886A2B38A39200AA8446 /* Constants.swift */ = {isa = PBXFileReference; lastKnownFileType = sourcecode.swift; path = Constants.swift; sourceTree = "<group>"; };
/* End PBXFileReference section */

/* Begin PBXFrameworksBuildPhase section */
		5F40D58E2B3738A400E69A0F /* Frameworks */ = {
			isa = PBXFrameworksBuildPhase;
			buildActionMask = 2147483647;
			files = (
				5FE7884A2B38428200AA8446 /* SnapKit in Frameworks */,
			);
			runOnlyForDeploymentPostprocessing = 0;
		};
/* End PBXFrameworksBuildPhase section */

/* Begin PBXGroup section */
		5F40D5882B3738A400E69A0F = {
			isa = PBXGroup;
			children = (
				5F40D5932B3738A400E69A0F /* DutchDutch */,
				5F40D5922B3738A400E69A0F /* Products */,
			);
			sourceTree = "<group>";
		};
		5F40D5922B3738A400E69A0F /* Products */ = {
			isa = PBXGroup;
			children = (
				5F40D5912B3738A400E69A0F /* DutchDutch.app */,
			);
			name = Products;
			sourceTree = "<group>";
		};
		5F40D5932B3738A400E69A0F /* DutchDutch */ = {
			isa = PBXGroup;
			children = (
				5F40D5942B3738A400E69A0F /* AppDelegate.swift */,
				5F40D5962B3738A400E69A0F /* SceneDelegate.swift */,
				5FE788512B38441800AA8446 /* Utils */,
				5FE788502B3843D800AA8446 /* API */,
				5FE7884F2B3843D400AA8446 /* Model */,
				5FE788582B384DD800AA8446 /* Coordinator */,
				5FE7884D2B3843C200AA8446 /* ViewController */,
				5FE7884E2B3843CD00AA8446 /* ViewModel */,
				5FE788542B3848CB00AA8446 /* View */,
				5F40D59D2B3738A500E69A0F /* Assets.xcassets */,
				5F40D59F2B3738A500E69A0F /* LaunchScreen.storyboard */,
				5F40D5A22B3738A500E69A0F /* Info.plist */,
			);
			path = DutchDutch;
			sourceTree = "<group>";
		};
		5FE7884D2B3843C200AA8446 /* ViewController */ = {
			isa = PBXGroup;
			children = (
				5FE7884B2B38435700AA8446 /* MainVC.swift */,
				5FE7885F2B387D4200AA8446 /* ChatSettingVC.swift */,
			);
			path = ViewController;
			sourceTree = "<group>";
		};
		5FE7884E2B3843CD00AA8446 /* ViewModel */ = {
			isa = PBXGroup;
			children = (
				5FE788522B38443900AA8446 /* MainVM.swift */,
			);
			path = ViewModel;
			sourceTree = "<group>";
		};
		5FE7884F2B3843D400AA8446 /* Model */ = {
			isa = PBXGroup;
			children = (
			);
			path = Model;
			sourceTree = "<group>";
		};
		5FE788502B3843D800AA8446 /* API */ = {
			isa = PBXGroup;
			children = (
			);
			path = API;
			sourceTree = "<group>";
		};
		5FE788512B38441800AA8446 /* Utils */ = {
			isa = PBXGroup;
			children = (
				5FE7886A2B38A39200AA8446 /* Constants.swift */,
				5FE788612B38810F00AA8446 /* Extension */,
				5FE788552B384A7B00AA8446 /* Protocols */,
			);
			path = Utils;
			sourceTree = "<group>";
		};
		5FE788542B3848CB00AA8446 /* View */ = {
			isa = PBXGroup;
			children = (
				5FE788682B38A2E700AA8446 /* MainCollectionViewCell.swift */,
			);
			path = View;
			sourceTree = "<group>";
		};
		5FE788552B384A7B00AA8446 /* Protocols */ = {
			isa = PBXGroup;
			children = (
				5FE7885C2B384E3200AA8446 /* CoordinatorProtocol.swift */,
				5FE788562B384A8B00AA8446 /* ViewModelProtocol.swift */,
			);
			path = Protocols;
			sourceTree = "<group>";
		};
		5FE788582B384DD800AA8446 /* Coordinator */ = {
			isa = PBXGroup;
			children = (
				5FE788592B384DEA00AA8446 /* MainCoordinator.swift */,
			);
			path = Coordinator;
			sourceTree = "<group>";
		};
		5FE788612B38810F00AA8446 /* Extension */ = {
			isa = PBXGroup;
			children = (
				5FE788622B38814200AA8446 /* UIButton+Ext.swift */,
				5FE788642B38818D00AA8446 /* UIImage+Ext.swift */,
				5FE788662B389CF400AA8446 /* UIColor+Ext.swift */,
			);
			path = Extension;
			sourceTree = "<group>";
		};
/* End PBXGroup section */

/* Begin PBXNativeTarget section */
		5F40D5902B3738A400E69A0F /* DutchDutch */ = {
			isa = PBXNativeTarget;
			buildConfigurationList = 5F40D5A52B3738A500E69A0F /* Build configuration list for PBXNativeTarget "DutchDutch" */;
			buildPhases = (
				5F40D58D2B3738A400E69A0F /* Sources */,
				5F40D58E2B3738A400E69A0F /* Frameworks */,
				5F40D58F2B3738A400E69A0F /* Resources */,
			);
			buildRules = (
			);
			dependencies = (
			);
			name = DutchDutch;
			packageProductDependencies = (
				5FE788492B38428200AA8446 /* SnapKit */,
			);
			productName = DutchDutch;
			productReference = 5F40D5912B3738A400E69A0F /* DutchDutch.app */;
			productType = "com.apple.product-type.application";
		};
/* End PBXNativeTarget section */

/* Begin PBXProject section */
		5F40D5892B3738A400E69A0F /* Project object */ = {
			isa = PBXProject;
			attributes = {
				BuildIndependentTargetsInParallel = 1;
				LastSwiftUpdateCheck = 1430;
				LastUpgradeCheck = 1430;
				TargetAttributes = {
					5F40D5902B3738A400E69A0F = {
						CreatedOnToolsVersion = 14.3.1;
					};
				};
			};
			buildConfigurationList = 5F40D58C2B3738A400E69A0F /* Build configuration list for PBXProject "DutchDutch" */;
			compatibilityVersion = "Xcode 14.0";
			developmentRegion = en;
			hasScannedForEncodings = 0;
			knownRegions = (
				en,
				Base,
			);
			mainGroup = 5F40D5882B3738A400E69A0F;
			packageReferences = (
				5FE788482B38428200AA8446 /* XCRemoteSwiftPackageReference "SnapKit" */,
			);
			productRefGroup = 5F40D5922B3738A400E69A0F /* Products */;
			projectDirPath = "";
			projectRoot = "";
			targets = (
				5F40D5902B3738A400E69A0F /* DutchDutch */,
			);
		};
/* End PBXProject section */

/* Begin PBXResourcesBuildPhase section */
		5F40D58F2B3738A400E69A0F /* Resources */ = {
			isa = PBXResourcesBuildPhase;
			buildActionMask = 2147483647;
			files = (
				5F40D5A12B3738A500E69A0F /* LaunchScreen.storyboard in Resources */,
				5F40D59E2B3738A500E69A0F /* Assets.xcassets in Resources */,
			);
			runOnlyForDeploymentPostprocessing = 0;
		};
/* End PBXResourcesBuildPhase section */

/* Begin PBXSourcesBuildPhase section */
		5F40D58D2B3738A400E69A0F /* Sources */ = {
			isa = PBXSourcesBuildPhase;
			buildActionMask = 2147483647;
			files = (
				5FE7885A2B384DEA00AA8446 /* MainCoordinator.swift in Sources */,
				5FE7884C2B38435700AA8446 /* MainVC.swift in Sources */,
				5FE788632B38814200AA8446 /* UIButton+Ext.swift in Sources */,
				5F40D5952B3738A400E69A0F /* AppDelegate.swift in Sources */,
				5FE788672B389CF400AA8446 /* UIColor+Ext.swift in Sources */,
				5F40D5972B3738A400E69A0F /* SceneDelegate.swift in Sources */,
				5FE788652B38818D00AA8446 /* UIImage+Ext.swift in Sources */,
				5FE788692B38A2E700AA8446 /* MainCollectionViewCell.swift in Sources */,
				5FE788532B38443900AA8446 /* MainVM.swift in Sources */,
				5FE788572B384A8B00AA8446 /* ViewModelProtocol.swift in Sources */,
				5FE7886B2B38A39200AA8446 /* Constants.swift in Sources */,
				5FE7885D2B384E3200AA8446 /* CoordinatorProtocol.swift in Sources */,
				5FE788602B387D4300AA8446 /* ChatSettingVC.swift in Sources */,
			);
			runOnlyForDeploymentPostprocessing = 0;
		};
/* End PBXSourcesBuildPhase section */

/* Begin PBXVariantGroup section */
		5F40D59F2B3738A500E69A0F /* LaunchScreen.storyboard */ = {
			isa = PBXVariantGroup;
			children = (
				5F40D5A02B3738A500E69A0F /* Base */,
			);
			name = LaunchScreen.storyboard;
			sourceTree = "<group>";
		};
/* End PBXVariantGroup section */

/* Begin XCBuildConfiguration section */
		5F40D5A32B3738A500E69A0F /* Debug */ = {
			isa = XCBuildConfiguration;
			buildSettings = {
				ALWAYS_SEARCH_USER_PATHS = NO;
				CLANG_ANALYZER_NONNULL = YES;
				CLANG_ANALYZER_NUMBER_OBJECT_CONVERSION = YES_AGGRESSIVE;
				CLANG_CXX_LANGUAGE_STANDARD = "gnu++20";
				CLANG_ENABLE_MODULES = YES;
				CLANG_ENABLE_OBJC_ARC = YES;
				CLANG_ENABLE_OBJC_WEAK = YES;
				CLANG_WARN_BLOCK_CAPTURE_AUTORELEASING = YES;
				CLANG_WARN_BOOL_CONVERSION = YES;
				CLANG_WARN_COMMA = YES;
				CLANG_WARN_CONSTANT_CONVERSION = YES;
				CLANG_WARN_DEPRECATED_OBJC_IMPLEMENTATIONS = YES;
				CLANG_WARN_DIRECT_OBJC_ISA_USAGE = YES_ERROR;
				CLANG_WARN_DOCUMENTATION_COMMENTS = YES;
				CLANG_WARN_EMPTY_BODY = YES;
				CLANG_WARN_ENUM_CONVERSION = YES;
				CLANG_WARN_INFINITE_RECURSION = YES;
				CLANG_WARN_INT_CONVERSION = YES;
				CLANG_WARN_NON_LITERAL_NULL_CONVERSION = YES;
				CLANG_WARN_OBJC_IMPLICIT_RETAIN_SELF = YES;
				CLANG_WARN_OBJC_LITERAL_CONVERSION = YES;
				CLANG_WARN_OBJC_ROOT_CLASS = YES_ERROR;
				CLANG_WARN_QUOTED_INCLUDE_IN_FRAMEWORK_HEADER = YES;
				CLANG_WARN_RANGE_LOOP_ANALYSIS = YES;
				CLANG_WARN_STRICT_PROTOTYPES = YES;
				CLANG_WARN_SUSPICIOUS_MOVE = YES;
				CLANG_WARN_UNGUARDED_AVAILABILITY = YES_AGGRESSIVE;
				CLANG_WARN_UNREACHABLE_CODE = YES;
				CLANG_WARN__DUPLICATE_METHOD_MATCH = YES;
				COPY_PHASE_STRIP = NO;
				DEBUG_INFORMATION_FORMAT = dwarf;
				ENABLE_STRICT_OBJC_MSGSEND = YES;
				ENABLE_TESTABILITY = YES;
				GCC_C_LANGUAGE_STANDARD = gnu11;
				GCC_DYNAMIC_NO_PIC = NO;
				GCC_NO_COMMON_BLOCKS = YES;
				GCC_OPTIMIZATION_LEVEL = 0;
				GCC_PREPROCESSOR_DEFINITIONS = (
					"DEBUG=1",
					"$(inherited)",
				);
				GCC_WARN_64_TO_32_BIT_CONVERSION = YES;
				GCC_WARN_ABOUT_RETURN_TYPE = YES_ERROR;
				GCC_WARN_UNDECLARED_SELECTOR = YES;
				GCC_WARN_UNINITIALIZED_AUTOS = YES_AGGRESSIVE;
				GCC_WARN_UNUSED_FUNCTION = YES;
				GCC_WARN_UNUSED_VARIABLE = YES;
				IPHONEOS_DEPLOYMENT_TARGET = 16.4;
				MTL_ENABLE_DEBUG_INFO = INCLUDE_SOURCE;
				MTL_FAST_MATH = YES;
				ONLY_ACTIVE_ARCH = YES;
				SDKROOT = iphoneos;
				SWIFT_ACTIVE_COMPILATION_CONDITIONS = DEBUG;
				SWIFT_OPTIMIZATION_LEVEL = "-Onone";
			};
			name = Debug;
		};
		5F40D5A42B3738A500E69A0F /* Release */ = {
			isa = XCBuildConfiguration;
			buildSettings = {
				ALWAYS_SEARCH_USER_PATHS = NO;
				CLANG_ANALYZER_NONNULL = YES;
				CLANG_ANALYZER_NUMBER_OBJECT_CONVERSION = YES_AGGRESSIVE;
				CLANG_CXX_LANGUAGE_STANDARD = "gnu++20";
				CLANG_ENABLE_MODULES = YES;
				CLANG_ENABLE_OBJC_ARC = YES;
				CLANG_ENABLE_OBJC_WEAK = YES;
				CLANG_WARN_BLOCK_CAPTURE_AUTORELEASING = YES;
				CLANG_WARN_BOOL_CONVERSION = YES;
				CLANG_WARN_COMMA = YES;
				CLANG_WARN_CONSTANT_CONVERSION = YES;
				CLANG_WARN_DEPRECATED_OBJC_IMPLEMENTATIONS = YES;
				CLANG_WARN_DIRECT_OBJC_ISA_USAGE = YES_ERROR;
				CLANG_WARN_DOCUMENTATION_COMMENTS = YES;
				CLANG_WARN_EMPTY_BODY = YES;
				CLANG_WARN_ENUM_CONVERSION = YES;
				CLANG_WARN_INFINITE_RECURSION = YES;
				CLANG_WARN_INT_CONVERSION = YES;
				CLANG_WARN_NON_LITERAL_NULL_CONVERSION = YES;
				CLANG_WARN_OBJC_IMPLICIT_RETAIN_SELF = YES;
				CLANG_WARN_OBJC_LITERAL_CONVERSION = YES;
				CLANG_WARN_OBJC_ROOT_CLASS = YES_ERROR;
				CLANG_WARN_QUOTED_INCLUDE_IN_FRAMEWORK_HEADER = YES;
				CLANG_WARN_RANGE_LOOP_ANALYSIS = YES;
				CLANG_WARN_STRICT_PROTOTYPES = YES;
				CLANG_WARN_SUSPICIOUS_MOVE = YES;
				CLANG_WARN_UNGUARDED_AVAILABILITY = YES_AGGRESSIVE;
				CLANG_WARN_UNREACHABLE_CODE = YES;
				CLANG_WARN__DUPLICATE_METHOD_MATCH = YES;
				COPY_PHASE_STRIP = NO;
				DEBUG_INFORMATION_FORMAT = "dwarf-with-dsym";
				ENABLE_NS_ASSERTIONS = NO;
				ENABLE_STRICT_OBJC_MSGSEND = YES;
				GCC_C_LANGUAGE_STANDARD = gnu11;
				GCC_NO_COMMON_BLOCKS = YES;
				GCC_WARN_64_TO_32_BIT_CONVERSION = YES;
				GCC_WARN_ABOUT_RETURN_TYPE = YES_ERROR;
				GCC_WARN_UNDECLARED_SELECTOR = YES;
				GCC_WARN_UNINITIALIZED_AUTOS = YES_AGGRESSIVE;
				GCC_WARN_UNUSED_FUNCTION = YES;
				GCC_WARN_UNUSED_VARIABLE = YES;
				IPHONEOS_DEPLOYMENT_TARGET = 16.4;
				MTL_ENABLE_DEBUG_INFO = NO;
				MTL_FAST_MATH = YES;
				SDKROOT = iphoneos;
				SWIFT_COMPILATION_MODE = wholemodule;
				SWIFT_OPTIMIZATION_LEVEL = "-O";
				VALIDATE_PRODUCT = YES;
			};
			name = Release;
		};
		5F40D5A62B3738A500E69A0F /* Debug */ = {
			isa = XCBuildConfiguration;
			buildSettings = {
				ASSETCATALOG_COMPILER_APPICON_NAME = AppIcon;
				ASSETCATALOG_COMPILER_GLOBAL_ACCENT_COLOR_NAME = AccentColor;
				CODE_SIGN_STYLE = Automatic;
				CURRENT_PROJECT_VERSION = 1;
				DEVELOPMENT_TEAM = 63D86GVH6K;
				GENERATE_INFOPLIST_FILE = YES;
				INFOPLIST_FILE = DutchDutch/Info.plist;
				INFOPLIST_KEY_UIApplicationSupportsIndirectInputEvents = YES;
				INFOPLIST_KEY_UILaunchStoryboardName = LaunchScreen;
				INFOPLIST_KEY_UISupportedInterfaceOrientations_iPad = "UIInterfaceOrientationPortrait UIInterfaceOrientationPortraitUpsideDown UIInterfaceOrientationLandscapeLeft UIInterfaceOrientationLandscapeRight";
				INFOPLIST_KEY_UISupportedInterfaceOrientations_iPhone = "UIInterfaceOrientationPortrait UIInterfaceOrientationLandscapeLeft UIInterfaceOrientationLandscapeRight";
				IPHONEOS_DEPLOYMENT_TARGET = 15.0;
				LD_RUNPATH_SEARCH_PATHS = (
					"$(inherited)",
					"@executable_path/Frameworks",
				);
				MARKETING_VERSION = 1.0;
				PRODUCT_BUNDLE_IDENTIFIER = ges.DutchDutch;
				PRODUCT_NAME = "$(TARGET_NAME)";
				SWIFT_EMIT_LOC_STRINGS = YES;
				SWIFT_VERSION = 5.0;
				TARGETED_DEVICE_FAMILY = "1,2";
			};
			name = Debug;
		};
		5F40D5A72B3738A500E69A0F /* Release */ = {
			isa = XCBuildConfiguration;
			buildSettings = {
				ASSETCATALOG_COMPILER_APPICON_NAME = AppIcon;
				ASSETCATALOG_COMPILER_GLOBAL_ACCENT_COLOR_NAME = AccentColor;
				CODE_SIGN_STYLE = Automatic;
				CURRENT_PROJECT_VERSION = 1;
				DEVELOPMENT_TEAM = 63D86GVH6K;
				GENERATE_INFOPLIST_FILE = YES;
				INFOPLIST_FILE = DutchDutch/Info.plist;
				INFOPLIST_KEY_UIApplicationSupportsIndirectInputEvents = YES;
				INFOPLIST_KEY_UILaunchStoryboardName = LaunchScreen;
				INFOPLIST_KEY_UISupportedInterfaceOrientations_iPad = "UIInterfaceOrientationPortrait UIInterfaceOrientationPortraitUpsideDown UIInterfaceOrientationLandscapeLeft UIInterfaceOrientationLandscapeRight";
				INFOPLIST_KEY_UISupportedInterfaceOrientations_iPhone = "UIInterfaceOrientationPortrait UIInterfaceOrientationLandscapeLeft UIInterfaceOrientationLandscapeRight";
				IPHONEOS_DEPLOYMENT_TARGET = 15.0;
				LD_RUNPATH_SEARCH_PATHS = (
					"$(inherited)",
					"@executable_path/Frameworks",
				);
				MARKETING_VERSION = 1.0;
				PRODUCT_BUNDLE_IDENTIFIER = ges.DutchDutch;
				PRODUCT_NAME = "$(TARGET_NAME)";
				SWIFT_EMIT_LOC_STRINGS = YES;
				SWIFT_VERSION = 5.0;
				TARGETED_DEVICE_FAMILY = "1,2";
			};
			name = Release;
		};
/* End XCBuildConfiguration section */

/* Begin XCConfigurationList section */
		5F40D58C2B3738A400E69A0F /* Build configuration list for PBXProject "DutchDutch" */ = {
			isa = XCConfigurationList;
			buildConfigurations = (
				5F40D5A32B3738A500E69A0F /* Debug */,
				5F40D5A42B3738A500E69A0F /* Release */,
			);
			defaultConfigurationIsVisible = 0;
			defaultConfigurationName = Release;
		};
		5F40D5A52B3738A500E69A0F /* Build configuration list for PBXNativeTarget "DutchDutch" */ = {
			isa = XCConfigurationList;
			buildConfigurations = (
				5F40D5A62B3738A500E69A0F /* Debug */,
				5F40D5A72B3738A500E69A0F /* Release */,
			);
			defaultConfigurationIsVisible = 0;
			defaultConfigurationName = Release;
		};
/* End XCConfigurationList section */

/* Begin XCRemoteSwiftPackageReference section */
		5FE788482B38428200AA8446 /* XCRemoteSwiftPackageReference "SnapKit" */ = {
			isa = XCRemoteSwiftPackageReference;
			repositoryURL = "https://github.com/SnapKit/SnapKit";
			requirement = {
				kind = upToNextMajorVersion;
				minimumVersion = 5.0.0;
			};
		};
/* End XCRemoteSwiftPackageReference section */

/* Begin XCSwiftPackageProductDependency section */
		5FE788492B38428200AA8446 /* SnapKit */ = {
			isa = XCSwiftPackageProductDependency;
			package = 5FE788482B38428200AA8446 /* XCRemoteSwiftPackageReference "SnapKit" */;
			productName = SnapKit;
		};
/* End XCSwiftPackageProductDependency section */
	};
	rootObject = 5F40D5892B3738A400E69A0F /* Project object */;
}
